
Microsoft Visual Studio Solution File, Format Version 12.00
# Visual Studio Version 17
VisualStudioVersion = 17.11.35303.130
MinimumVisualStudioVersion = 10.0.40219.1
Project("{9A19103F-16F7-4668-BE54-9A1E7A4F7556}") = "AspNetCoreMvcCrud.Data", "AspNetCoreMvcCrud.Data\AspNetCoreMvcCrud.Data.csproj", "{EFD3CBDF-D332-4BBE-ADFE-E9568EF5FFE0}"
EndProject
Project("{9A19103F-16F7-4668-BE54-9A1E7A4F7556}") = "AspNetCoreMvcCrud.Biz", "AspNetCoreMvcCrud.Biz\AspNetCoreMvcCrud.Biz.csproj", "{A0E2D203-B475-4677-B704-479B0B903D00}"
EndProject
Project("{FAE04EC0-301F-11D3-BF4B-00C04F79EFBC}") = "AspNetCoreMvcCrud.UI", "AspNetCoreMvcCrud.UI\AspNetCoreMvcCrud.UI.csproj", "{96130561-3800-4FBC-A56E-65B096B2825B}"
EndProject
Global
	GlobalSection(SolutionConfigurationPlatforms) = preSolution
		Debug|Any CPU = Debug|Any CPU
		Release|Any CPU = Release|Any CPU
	EndGlobalSection
	GlobalSection(ProjectConfigurationPlatforms) = postSolution
		{EFD3CBDF-D332-4BBE-ADFE-E9568EF5FFE0}.Debug|Any CPU.ActiveCfg = Debug|Any CPU
		{EFD3CBDF-D332-4BBE-ADFE-E9568EF5FFE0}.Debug|Any CPU.Build.0 = Debug|Any CPU
		{EFD3CBDF-D332-4BBE-ADFE-E9568EF5FFE0}.Release|Any CPU.ActiveCfg = Release|Any CPU
		{EFD3CBDF-D332-4BBE-ADFE-E9568EF5FFE0}.Release|Any CPU.Build.0 = Release|Any CPU
		{A0E2D203-B475-4677-B704-479B0B903D00}.Debug|Any CPU.ActiveCfg = Debug|Any CPU
		{A0E2D203-B475-4677-B704-479B0B903D00}.Debug|Any CPU.Build.0 = Debug|Any CPU
		{A0E2D203-B475-4677-B704-479B0B903D00}.Release|Any CPU.ActiveCfg = Release|Any CPU
		{A0E2D203-B475-4677-B704-479B0B903D00}.Release|Any CPU.Build.0 = Release|Any CPU
		{96130561-3800-4FBC-A56E-65B096B2825B}.Debug|Any CPU.ActiveCfg = Debug|Any CPU
		{96130561-3800-4FBC-A56E-65B096B2825B}.Debug|Any CPU.Build.0 = Debug|Any CPU
		{96130561-3800-4FBC-A56E-65B096B2825B}.Release|Any CPU.ActiveCfg = Release|Any CPU
		{96130561-3800-4FBC-A56E-65B096B2825B}.Release|Any CPU.Build.0 = Release|Any CPU
	EndGlobalSection
	GlobalSection(SolutionProperties) = preSolution
		HideSolutionNode = FALSE
	EndGlobalSection
	GlobalSection(ExtensibilityGlobals) = postSolution
		SolutionGuid = {B333A46C-C362-4660-A77E-B44BD7E203BE}
	EndGlobalSection
EndGlobal
